# THIS IS AN AUTOGENERATED FILE. DO NOT EDIT THIS FILE DIRECTLY.
# yarn lockfile v1


dequal@1.0.0:
  version "1.0.0"
  resolved "https://registry.yarnpkg.com/dequal/-/dequal-1.0.0.tgz#41c6065e70de738541c82cdbedea5292277a017e"
  integrity sha512-/Nd1EQbQbI9UbSHrMiKZjFLrXSnU328iQdZKPQf78XQI6C+gutkFUeoHpG5J08Ioa6HeRbRNFpSIclh1xyG0mw==

use-deep-compare@^1.1.0:
  version "1.1.0"
  resolved "https://registry.yarnpkg.com/use-deep-compare/-/use-deep-compare-1.1.0.tgz#85580dde751f68400bf6ef7e043c7f986595cef8"
  integrity sha512-6yY3zmKNCJ1jjIivfZMZMReZjr8e6iC6Uqtp701jvWJ6ejC/usXD+JjmslZDPJQgX8P4B1Oi5XSLHkOLeYSJsA==
  dependencies:
    dequal "1.0.0"
